
Microsoft Visual Studio Solution File, Format Version 12.00
# Visual Studio Version 18
VisualStudioVersion = 18.3.11312.210 d18.3
MinimumVisualStudioVersion = 10.0.40219.1
Project("{FAE04EC0-301F-11D3-BF4B-00C04F79EFBC}") = "McpSseServer", "McpSseServer.csproj", "{9DD11F42-EBEC-97AE-786F-FD21C691E46F}"
EndProject
Global
	GlobalSection(SolutionConfigurationPlatforms) = preSolution
		Debug|Any CPU = Debug|Any CPU
		Release|Any CPU = Release|Any CPU
	EndGlobalSection
	GlobalSection(ProjectConfigurationPlatforms) = postSolution
		{9DD11F42-EBEC-97AE-786F-FD21C691E46F}.Debug|Any CPU.ActiveCfg = Debug|Any CPU
		{9DD11F42-EBEC-97AE-786F-FD21C691E46F}.Debug|Any CPU.Build.0 = Debug|Any CPU
		{9DD11F42-EBEC-97AE-786F-FD21C691E46F}.Release|Any CPU.ActiveCfg = Release|Any CPU
		{9DD11F42-EBEC-97AE-786F-FD21C691E46F}.Release|Any CPU.Build.0 = Release|Any CPU
	EndGlobalSection
	GlobalSection(SolutionProperties) = preSolution
		HideSolutionNode = FALSE
	EndGlobalSection
	GlobalSection(ExtensibilityGlobals) = postSolution
		SolutionGuid = {F0A5C41E-743D-4660-A38F-7BBEF6F78EF6}
	EndGlobalSection
EndGlobal
